
Microsoft Visual Studio Solution File, Format Version 12.00
# Visual Studio Version 17
VisualStudioVersion = 17.0.31903.59
MinimumVisualStudioVersion = 10.0.40219.1
Project("{FAE04EC0-301F-11D3-BF4B-00C04F79EFBC}") = "ImageScaler.Core", "src\ImageScaler.Core\ImageScaler.Core.csproj", "{59A5C2A0-0280-4DA5-BA5F-CB9A7EAE4289}"
EndProject
Project("{FAE04EC0-301F-11D3-BF4B-00C04F79EFBC}") = "ImageScaler", "src\ImageScaler\ImageScaler.csproj", "{6B1E2F44-9C3A-4E51-8D72-1A2B3C4D5E6F}"
EndProject
Project("{FAE04EC0-301F-11D3-BF4B-00C04F79EFBC}") = "ImageScaler.Tests", "tests\ImageScaler.Tests\ImageScaler.Tests.csproj", "{7C2F3A55-AD4B-4F62-9E83-2B3C4D5E6F70}"
EndProject
Global
	GlobalSection(SolutionConfigurationPlatforms) = preSolution
		Debug|Any CPU = Debug|Any CPU
		Release|Any CPU = Release|Any CPU
	EndGlobalSection
	GlobalSection(ProjectConfigurationPlatforms) = postSolution
		{59A5C2A0-0280-4DA5-BA5F-CB9A7EAE4289}.Debug|Any CPU.ActiveCfg = Debug|Any CPU
		{59A5C2A0-0280-4DA5-BA5F-CB9A7EAE4289}.Debug|Any CPU.Build.0 = Debug|Any CPU
		{59A5C2A0-0280-4DA5-BA5F-CB9A7EAE4289}.Release|Any CPU.ActiveCfg = Release|Any CPU
		{59A5C2A0-0280-4DA5-BA5F-CB9A7EAE4289}.Release|Any CPU.Build.0 = Release|Any CPU
		{6B1E2F44-9C3A-4E51-8D72-1A2B3C4D5E6F}.Debug|Any CPU.ActiveCfg = Debug|Any CPU
		{6B1E2F44-9C3A-4E51-8D72-1A2B3C4D5E6F}.Debug|Any CPU.Build.0 = Debug|Any CPU
		{6B1E2F44-9C3A-4E51-8D72-1A2B3C4D5E6F}.Release|Any CPU.ActiveCfg = Release|Any CPU
		{6B1E2F44-9C3A-4E51-8D72-1A2B3C4D5E6F}.Release|Any CPU.Build.0 = Release|Any CPU
		{7C2F3A55-AD4B-4F62-9E83-2B3C4D5E6F70}.Debug|Any CPU.ActiveCfg = Debug|Any CPU
		{7C2F3A55-AD4B-4F62-9E83-2B3C4D5E6F70}.Debug|Any CPU.Build.0 = Debug|Any CPU
		{7C2F3A55-AD4B-4F62-9E83-2B3C4D5E6F70}.Release|Any CPU.ActiveCfg = Release|Any CPU
		{7C2F3A55-AD4B-4F62-9E83-2B3C4D5E6F70}.Release|Any CPU.Build.0 = Release|Any CPU
	EndGlobalSection
	GlobalSection(SolutionProperties) = preSolution
		HideSolutionNode = FALSE
	EndGlobalSection
EndGlobal
